
Microsoft Visual Studio Solution File, Format Version 12.00
# Visual Studio Version 16
VisualStudioVersion = 16.0.31424.327
MinimumVisualStudioVersion = 10.0.40219.1
Project("{9A19103F-16F7-4668-BE54-9A1E7A4F7556}") = "Lessons", "Lessons\Lessons.csproj", "{63DF2346-A2E4-453E-904C-9498C2BEF4E3}"
EndProject
Project("{FAE04EC0-301F-11D3-BF4B-00C04F79EFBC}") = "ExampleLibrary", "ExampleLibrary\ExampleLibrary.csproj", "{52C32E2E-43C8-4B70-A2A5-52F72D2C586B}"
EndProject
Global
	GlobalSection(SolutionConfigurationPlatforms) = preSolution
		Debug|Any CPU = Debug|Any CPU
		Release|Any CPU = Release|Any CPU
	EndGlobalSection
	GlobalSection(ProjectConfigurationPlatforms) = postSolution
		{63DF2346-A2E4-453E-904C-9498C2BEF4E3}.Debug|Any CPU.ActiveCfg = Debug|Any CPU
		{63DF2346-A2E4-453E-904C-9498C2BEF4E3}.Debug|Any CPU.Build.0 = Debug|Any CPU
		{63DF2346-A2E4-453E-904C-9498C2BEF4E3}.Release|Any CPU.ActiveCfg = Release|Any CPU
		{63DF2346-A2E4-453E-904C-9498C2BEF4E3}.Release|Any CPU.Build.0 = Release|Any CPU
		{52C32E2E-43C8-4B70-A2A5-52F72D2C586B}.Debug|Any CPU.ActiveCfg = Debug|Any CPU
		{52C32E2E-43C8-4B70-A2A5-52F72D2C586B}.Debug|Any CPU.Build.0 = Debug|Any CPU
		{52C32E2E-43C8-4B70-A2A5-52F72D2C586B}.Release|Any CPU.ActiveCfg = Release|Any CPU
		{52C32E2E-43C8-4B70-A2A5-52F72D2C586B}.Release|Any CPU.Build.0 = Release|Any CPU
	EndGlobalSection
	GlobalSection(SolutionProperties) = preSolution
		HideSolutionNode = FALSE
	EndGlobalSection
	GlobalSection(ExtensibilityGlobals) = postSolution
		SolutionGuid = {DBFA47B5-2175-4936-88F1-7544CF2F47AA}
	EndGlobalSection
EndGlobal
